PODS:
  - React/Core (0.38.0)
  - React/RCTAnimation (0.38.0):
    - React/Core
  - React/RCTImage (0.38.0):
    - React/Core
    - React/RCTNetwork
  - React/RCTNetwork (0.38.0):
    - React/Core
  - React/RCTText (0.38.0):
    - React/Core
  - React/RCTWebSocket (0.38.0):
    - React/Core

DEPENDENCIES:
  - React/Core (from `./Js/node_modules/react-native`)
  - React/RCTAnimation (from `./Js/node_modules/react-native`)
  - React/RCTImage (from `./Js/node_modules/react-native`)
  - React/RCTNetwork (from `./Js/node_modules/react-native`)
  - React/RCTText (from `./Js/node_modules/react-native`)
  - React/RCTWebSocket (from `./Js/node_modules/react-native`)

EXTERNAL SOURCES:
  React:
    :path: ./Js/node_modules/react-native

SPEC CHECKSUMS:
  React: 3cdd13d7c8f6ad5c20216aa83e032f0ce4087944

PODFILE CHECKSUM: 942116cc055fc0e44b84d0e85b06ba5dc2483edb

COCOAPODS: 1.1.1
